
Microsoft Visual Studio Solution File, Format Version 12.00
# Visual Studio 14
VisualStudioVersion = 14.0.24720.0
MinimumVisualStudioVersion = 10.0.40219.1
Project("{FAE04EC0-301F-11D3-BF4B-00C04F79EFBC}") = "NaaStockScanner.Droid", "NaaStockTrader.Droid\NaaStockScanner.Droid.csproj", "{B11ABE67-9C05-4DAE-B081-E4B4211B4BAE}"
EndProject
Project("{FAE04EC0-301F-11D3-BF4B-00C04F79EFBC}") = "NaaStockScanner.Core", "NaaStockTrader.Core\NaaStockScanner.Core.csproj", "{33574D59-BB64-47B7-87D2-E0CC6A7B371F}"
EndProject
Project("{2150E333-8FDC-42A3-9474-1A3956D46DE8}") = "0. Core", "0. Core", "{DDC2A324-621B-4AC7-B0CE-0C529A587C33}"
EndProject
Project("{2150E333-8FDC-42A3-9474-1A3956D46DE8}") = "1. Droid", "1. Droid", "{FE9D379F-D278-420D-AE16-BFF13FF34800}"
EndProject
Project("{2150E333-8FDC-42A3-9474-1A3956D46DE8}") = "2. Service", "2. Service", "{C8D3301C-C70F-483D-9C58-B1C56C82A37B}"
EndProject
Global
	GlobalSection(SolutionConfigurationPlatforms) = preSolution
		Debug|Any CPU = Debug|Any CPU
		Release|Any CPU = Release|Any CPU
	EndGlobalSection
	GlobalSection(ProjectConfigurationPlatforms) = postSolution
		{B11ABE67-9C05-4DAE-B081-E4B4211B4BAE}.Debug|Any CPU.ActiveCfg = Debug|Any CPU
		{B11ABE67-9C05-4DAE-B081-E4B4211B4BAE}.Debug|Any CPU.Build.0 = Debug|Any CPU
		{B11ABE67-9C05-4DAE-B081-E4B4211B4BAE}.Debug|Any CPU.Deploy.0 = Debug|Any CPU
		{B11ABE67-9C05-4DAE-B081-E4B4211B4BAE}.Release|Any CPU.ActiveCfg = Release|Any CPU
		{B11ABE67-9C05-4DAE-B081-E4B4211B4BAE}.Release|Any CPU.Build.0 = Release|Any CPU
		{B11ABE67-9C05-4DAE-B081-E4B4211B4BAE}.Release|Any CPU.Deploy.0 = Release|Any CPU
		{33574D59-BB64-47B7-87D2-E0CC6A7B371F}.Debug|Any CPU.ActiveCfg = Debug|Any CPU
		{33574D59-BB64-47B7-87D2-E0CC6A7B371F}.Debug|Any CPU.Build.0 = Debug|Any CPU
		{33574D59-BB64-47B7-87D2-E0CC6A7B371F}.Release|Any CPU.ActiveCfg = Release|Any CPU
		{33574D59-BB64-47B7-87D2-E0CC6A7B371F}.Release|Any CPU.Build.0 = Release|Any CPU
	EndGlobalSection
	GlobalSection(SolutionProperties) = preSolution
		HideSolutionNode = FALSE
	EndGlobalSection
	GlobalSection(NestedProjects) = preSolution
		{B11ABE67-9C05-4DAE-B081-E4B4211B4BAE} = {FE9D379F-D278-420D-AE16-BFF13FF34800}
		{33574D59-BB64-47B7-87D2-E0CC6A7B371F} = {DDC2A324-621B-4AC7-B0CE-0C529A587C33}
	EndGlobalSection
EndGlobal
